// !$*UTF8*$!
{
	archiveVersion = 1;
	classes = {
	};
	objectVersion = 46;
	objects = {

/* Begin PBXBuildFile section */
		040706B4190FC1CE000D6660 /* BuddyListViewController.m in Sources */ = {isa = PBXBuildFile; fileRef = 040706B2190FC1CE000D6660 /* BuddyListViewController.m */; };
		040706B5190FC1CE000D6660 /* BuddyListViewController.xib in Resources */ = {isa = PBXBuildFile; fileRef = 040706B3190FC1CE000D6660 /* BuddyListViewController.xib */; };
		04080691190EA37D00E063C3 /* Foundation.framework in Frameworks */ = {isa = PBXBuildFile; fileRef = 04080690190EA37D00E063C3 /* Foundation.framework */; };
		04080693190EA37D00E063C3 /* CoreGraphics.framework in Frameworks */ = {isa = PBXBuildFile; fileRef = 04080692190EA37D00E063C3 /* CoreGraphics.framework */; };
		04080695190EA37D00E063C3 /* UIKit.framework in Frameworks */ = {isa = PBXBuildFile; fileRef = 04080694190EA37D00E063C3 /* UIKit.framework */; };
		0408069B190EA37D00E063C3 /* InfoPlist.strings in Resources */ = {isa = PBXBuildFile; fileRef = 04080699190EA37D00E063C3 /* InfoPlist.strings */; };
		0408069D190EA37D00E063C3 /* main.m in Sources */ = {isa = PBXBuildFile; fileRef = 0408069C190EA37D00E063C3 /* main.m */; };
		040806A1190EA37D00E063C3 /* AppDelegate.m in Sources */ = {isa = PBXBuildFile; fileRef = 040806A0190EA37D00E063C3 /* AppDelegate.m */; };
		040806A3190EA37D00E063C3 /* Images.xcassets in Resources */ = {isa = PBXBuildFile; fileRef = 040806A2190EA37D00E063C3 /* Images.xcassets */; };
		040806AA190EA37D00E063C3 /* XCTest.framework in Frameworks */ = {isa = PBXBuildFile; fileRef = 040806A9190EA37D00E063C3 /* XCTest.framework */; };
		040806AB190EA37D00E063C3 /* Foundation.framework in Frameworks */ = {isa = PBXBuildFile; fileRef = 04080690190EA37D00E063C3 /* Foundation.framework */; };
		040806AC190EA37D00E063C3 /* UIKit.framework in Frameworks */ = {isa = PBXBuildFile; fileRef = 04080694190EA37D00E063C3 /* UIKit.framework */; };
		040806B4190EA37D00E063C3 /* InfoPlist.strings in Resources */ = {isa = PBXBuildFile; fileRef = 040806B2190EA37D00E063C3 /* InfoPlist.strings */; };
		040806B6190EA37D00E063C3 /* SMTTests.m in Sources */ = {isa = PBXBuildFile; fileRef = 040806B5190EA37D00E063C3 /* SMTTests.m */; };
		04409401190F7CD100C4A558 /* FacebookSDK.framework in Frameworks */ = {isa = PBXBuildFile; fileRef = 04409400190F7CD100C4A558 /* FacebookSDK.framework */; };
		04409406190F825F00C4A558 /* FlyoutMenuViewController.m in Sources */ = {isa = PBXBuildFile; fileRef = 04409404190F825F00C4A558 /* FlyoutMenuViewController.m */; };
		04409407190F825F00C4A558 /* FlyoutMenuViewController.xib in Resources */ = {isa = PBXBuildFile; fileRef = 04409405190F825F00C4A558 /* FlyoutMenuViewController.xib */; };
		04409421190F975E00C4A558 /* LoginViewController_iPhone4.xib in Resources */ = {isa = PBXBuildFile; fileRef = 0440941C190F975E00C4A558 /* LoginViewController_iPhone4.xib */; };
		04409422190F975E00C4A558 /* LoginViewController_iPhone5.xib in Resources */ = {isa = PBXBuildFile; fileRef = 0440941D190F975E00C4A558 /* LoginViewController_iPhone5.xib */; };
		04409423190F975E00C4A558 /* LoginViewController.m in Sources */ = {isa = PBXBuildFile; fileRef = 0440941F190F975E00C4A558 /* LoginViewController.m */; };
		04409424190F975E00C4A558 /* LoginViewController~ipad.xib in Resources */ = {isa = PBXBuildFile; fileRef = 04409420190F975E00C4A558 /* LoginViewController~ipad.xib */; };
		04409428190FA53900C4A558 /* ForgotPasswordViewController.m in Sources */ = {isa = PBXBuildFile; fileRef = 04409426190FA53900C4A558 /* ForgotPasswordViewController.m */; };
		04409429190FA53900C4A558 /* ForgotPasswordViewController.xib in Resources */ = {isa = PBXBuildFile; fileRef = 04409427190FA53900C4A558 /* ForgotPasswordViewController.xib */; };
		0440943E190FA98B00C4A558 /* RegisterViewController_iPhone4.xib in Resources */ = {isa = PBXBuildFile; fileRef = 04409439190FA98B00C4A558 /* RegisterViewController_iPhone4.xib */; };
		0440943F190FA98B00C4A558 /* RegisterViewController_iPhone5.xib in Resources */ = {isa = PBXBuildFile; fileRef = 0440943A190FA98B00C4A558 /* RegisterViewController_iPhone5.xib */; };
		04409440190FA98B00C4A558 /* RegisterViewController.m in Sources */ = {isa = PBXBuildFile; fileRef = 0440943C190FA98B00C4A558 /* RegisterViewController.m */; };
		04409441190FA98B00C4A558 /* RegisterViewController~ipad.xib in Resources */ = {isa = PBXBuildFile; fileRef = 0440943D190FA98B00C4A558 /* RegisterViewController~ipad.xib */; };
		046C6BEC190FDF1D00E3AC56 /* back_arrow.png in Resources */ = {isa = PBXBuildFile; fileRef = 046C6BEB190FDF1D00E3AC56 /* back_arrow.png */; };
		046C6C08190FECA700E3AC56 /* IncomingFriendCell.m in Sources */ = {isa = PBXBuildFile; fileRef = 046C6C06190FECA700E3AC56 /* IncomingFriendCell.m */; };
		046C6C09190FECA700E3AC56 /* IncomingFriendCell.xib in Resources */ = {isa = PBXBuildFile; fileRef = 046C6C07190FECA700E3AC56 /* IncomingFriendCell.xib */; };
		046C6C0D190FECC400E3AC56 /* InviteFriendCell.m in Sources */ = {isa = PBXBuildFile; fileRef = 046C6C0B190FECC400E3AC56 /* InviteFriendCell.m */; };
		046C6C0E190FECC400E3AC56 /* InviteFriendCell.xib in Resources */ = {isa = PBXBuildFile; fileRef = 046C6C0C190FECC400E3AC56 /* InviteFriendCell.xib */; };
		046C6C12190FECEE00E3AC56 /* Cell.m in Sources */ = {isa = PBXBuildFile; fileRef = 046C6C10190FECEE00E3AC56 /* Cell.m */; };
		046C6C13190FECEE00E3AC56 /* Cell.xib in Resources */ = {isa = PBXBuildFile; fileRef = 046C6C11190FECEE00E3AC56 /* Cell.xib */; };
/* End PBXBuildFile section */

/* Begin PBXContainerItemProxy section */
		040806AD190EA37D00E063C3 /* PBXContainerItemProxy */ = {
			isa = PBXContainerItemProxy;
			containerPortal = 04080685190EA37D00E063C3 /* Project object */;
			proxyType = 1;
			remoteGlobalIDString = 0408068C190EA37D00E063C3;
			remoteInfo = SMT;
		};
/* End PBXContainerItemProxy section */

/* Begin PBXFileReference section */
		040706B1190FC1CE000D6660 /* BuddyListViewController.h */ = {isa = PBXFileReference; fileEncoding = 4; lastKnownFileType = sourcecode.c.h; name = BuddyListViewController.h; path = ViewControllers/BodyListViewController/BuddyListViewController.h; sourceTree = "<group>"; };
		040706B2190FC1CE000D6660 /* BuddyListViewController.m */ = {isa = PBXFileReference; fileEncoding = 4; lastKnownFileType = sourcecode.c.objc; name = BuddyListViewController.m; path = ViewControllers/BodyListViewController/BuddyListViewController.m; sourceTree = "<group>"; };
		040706B3190FC1CE000D6660 /* BuddyListViewController.xib */ = {isa = PBXFileReference; fileEncoding = 4; lastKnownFileType = file.xib; name = BuddyListViewController.xib; path = ViewControllers/BodyListViewController/BuddyListViewController.xib; sourceTree = "<group>"; };
		0408068D190EA37D00E063C3 /* SMT.app */ = {isa = PBXFileReference; explicitFileType = wrapper.application; includeInIndex = 0; path = SMT.app; sourceTree = BUILT_PRODUCTS_DIR; };
		04080690190EA37D00E063C3 /* Foundation.framework */ = {isa = PBXFileReference; lastKnownFileType = wrapper.framework; name = Foundation.framework; path = System/Library/Frameworks/Foundation.framework; sourceTree = SDKROOT; };
		04080692190EA37D00E063C3 /* CoreGraphics.framework */ = {isa = PBXFileReference; lastKnownFileType = wrapper.framework; name = CoreGraphics.framework; path = System/Library/Frameworks/CoreGraphics.framework; sourceTree = SDKROOT; };
		04080694190EA37D00E063C3 /* UIKit.framework */ = {isa = PBXFileReference; lastKnownFileType = wrapper.framework; name = UIKit.framework; path = System/Library/Frameworks/UIKit.framework; sourceTree = SDKROOT; };
		04080698190EA37D00E063C3 /* SMT-Info.plist */ = {isa = PBXFileReference; lastKnownFileType = text.plist.xml; path = "SMT-Info.plist"; sourceTree = "<group>"; };
		0408069A190EA37D00E063C3 /* en */ = {isa = PBXFileReference; lastKnownFileType = text.plist.strings; name = en; path = en.lproj/InfoPlist.strings; sourceTree = "<group>"; };
		0408069C190EA37D00E063C3 /* main.m */ = {isa = PBXFileReference; lastKnownFileType = sourcecode.c.objc; path = main.m; sourceTree = "<group>"; };
		0408069E190EA37D00E063C3 /* SMT-Prefix.pch */ = {isa = PBXFileReference; lastKnownFileType = sourcecode.c.h; path = "SMT-Prefix.pch"; sourceTree = "<group>"; };
		0408069F190EA37D00E063C3 /* AppDelegate.h */ = {isa = PBXFileReference; lastKnownFileType = sourcecode.c.h; path = AppDelegate.h; sourceTree = "<group>"; };
		040806A0190EA37D00E063C3 /* AppDelegate.m */ = {isa = PBXFileReference; lastKnownFileType = sourcecode.c.objc; path = AppDelegate.m; sourceTree = "<group>"; };
		040806A2190EA37D00E063C3 /* Images.xcassets */ = {isa = PBXFileReference; lastKnownFileType = folder.assetcatalog; path = Images.xcassets; sourceTree = "<group>"; };
		040806A8190EA37D00E063C3 /* SMTTests.xctest */ = {isa = PBXFileReference; explicitFileType = wrapper.cfbundle; includeInIndex = 0; path = SMTTests.xctest; sourceTree = BUILT_PRODUCTS_DIR; };
		040806A9190EA37D00E063C3 /* XCTest.framework */ = {isa = PBXFileReference; lastKnownFileType = wrapper.framework; name = XCTest.framework; path = Library/Frameworks/XCTest.framework; sourceTree = DEVELOPER_DIR; };
		040806B1190EA37D00E063C3 /* SMTTests-Info.plist */ = {isa = PBXFileReference; lastKnownFileType = text.plist.xml; path = "SMTTests-Info.plist"; sourceTree = "<group>"; };
		040806B3190EA37D00E063C3 /* en */ = {isa = PBXFileReference; lastKnownFileType = text.plist.strings; name = en; path = en.lproj/InfoPlist.strings; sourceTree = "<group>"; };
		040806B5190EA37D00E063C3 /* SMTTests.m */ = {isa = PBXFileReference; lastKnownFileType = sourcecode.c.objc; path = SMTTests.m; sourceTree = "<group>"; };
		04409400190F7CD100C4A558 /* FacebookSDK.framework */ = {isa = PBXFileReference; lastKnownFileType = wrapper.framework; name = FacebookSDK.framework; path = library/FacebookSDK/FacebookSDK.framework; sourceTree = "<group>"; };
		04409403190F825F00C4A558 /* FlyoutMenuViewController.h */ = {isa = PBXFileReference; fileEncoding = 4; lastKnownFileType = sourcecode.c.h; name = FlyoutMenuViewController.h; path = ViewControllers/FlyoutMenuViewController/FlyoutMenuViewController.h; sourceTree = "<group>"; };
		04409404190F825F00C4A558 /* FlyoutMenuViewController.m */ = {isa = PBXFileReference; fileEncoding = 4; lastKnownFileType = sourcecode.c.objc; name = FlyoutMenuViewController.m; path = ViewControllers/FlyoutMenuViewController/FlyoutMenuViewController.m; sourceTree = "<group>"; };
		04409405190F825F00C4A558 /* FlyoutMenuViewController.xib */ = {isa = PBXFileReference; fileEncoding = 4; lastKnownFileType = file.xib; name = FlyoutMenuViewController.xib; path = ViewControllers/FlyoutMenuViewController/FlyoutMenuViewController.xib; sourceTree = "<group>"; };
		0440941C190F975E00C4A558 /* LoginViewController_iPhone4.xib */ = {isa = PBXFileReference; fileEncoding = 4; lastKnownFileType = file.xib; name = LoginViewController_iPhone4.xib; path = ViewControllers/LoginViewController/LoginViewController_iPhone4.xib; sourceTree = "<group>"; };
		0440941D190F975E00C4A558 /* LoginViewController_iPhone5.xib */ = {isa = PBXFileReference; fileEncoding = 4; lastKnownFileType = file.xib; name = LoginViewController_iPhone5.xib; path = ViewControllers/LoginViewController/LoginViewController_iPhone5.xib; sourceTree = "<group>"; };
		0440941E190F975E00C4A558 /* LoginViewController.h */ = {isa = PBXFileReference; fileEncoding = 4; lastKnownFileType = sourcecode.c.h; name = LoginViewController.h; path = ViewControllers/LoginViewController/LoginViewController.h; sourceTree = "<group>"; };
		0440941F190F975E00C4A558 /* LoginViewController.m */ = {isa = PBXFileReference; fileEncoding = 4; lastKnownFileType = sourcecode.c.objc; name = LoginViewController.m; path = ViewControllers/LoginViewController/LoginViewController.m; sourceTree = "<group>"; };
		04409420190F975E00C4A558 /* LoginViewController~ipad.xib */ = {isa = PBXFileReference; fileEncoding = 4; lastKnownFileType = file.xib; name = "LoginViewController~ipad.xib"; path = "ViewControllers/LoginViewController/LoginViewController~ipad.xib"; sourceTree = "<group>"; };
		04409425190FA53900C4A558 /* ForgotPasswordViewController.h */ = {isa = PBXFileReference; fileEncoding = 4; lastKnownFileType = sourcecode.c.h; name = ForgotPasswordViewController.h; path = SMT/ViewControllers/LoginViewController/ForgorYourPaswordWebView/ForgotPasswordViewController.h; sourceTree = SOURCE_ROOT; };
		04409426190FA53900C4A558 /* ForgotPasswordViewController.m */ = {isa = PBXFileReference; fileEncoding = 4; lastKnownFileType = sourcecode.c.objc; name = ForgotPasswordViewController.m; path = SMT/ViewControllers/LoginViewController/ForgorYourPaswordWebView/ForgotPasswordViewController.m; sourceTree = SOURCE_ROOT; };
		04409427190FA53900C4A558 /* ForgotPasswordViewController.xib */ = {isa = PBXFileReference; fileEncoding = 4; lastKnownFileType = file.xib; name = ForgotPasswordViewController.xib; path = SMT/ViewControllers/LoginViewController/ForgorYourPaswordWebView/ForgotPasswordViewController.xib; sourceTree = SOURCE_ROOT; };
		04409439190FA98B00C4A558 /* RegisterViewController_iPhone4.xib */ = {isa = PBXFileReference; fileEncoding = 4; lastKnownFileType = file.xib; name = RegisterViewController_iPhone4.xib; path = ViewControllers/RegisterViewController/RegisterViewController_iPhone4.xib; sourceTree = "<group>"; };
		0440943A190FA98B00C4A558 /* RegisterViewController_iPhone5.xib */ = {isa = PBXFileReference; fileEncoding = 4; lastKnownFileType = file.xib; name = RegisterViewController_iPhone5.xib; path = ViewControllers/RegisterViewController/RegisterViewController_iPhone5.xib; sourceTree = "<group>"; };
		0440943B190FA98B00C4A558 /* RegisterViewController.h */ = {isa = PBXFileReference; fileEncoding = 4; lastKnownFileType = sourcecode.c.h; name = RegisterViewController.h; path = ViewControllers/RegisterViewController/RegisterViewController.h; sourceTree = "<group>"; };
		0440943C190FA98B00C4A558 /* RegisterViewController.m */ = {isa = PBXFileReference; fileEncoding = 4; lastKnownFileType = sourcecode.c.objc; name = RegisterViewController.m; path = ViewControllers/RegisterViewController/RegisterViewController.m; sourceTree = "<group>"; };
		0440943D190FA98B00C4A558 /* RegisterViewController~ipad.xib */ = {isa = PBXFileReference; fileEncoding = 4; lastKnownFileType = file.xib; name = "RegisterViewController~ipad.xib"; path = "ViewControllers/RegisterViewController/RegisterViewController~ipad.xib"; sourceTree = "<group>"; };
		046C6BEB190FDF1D00E3AC56 /* back_arrow.png */ = {isa = PBXFileReference; lastKnownFileType = image.png; name = back_arrow.png; path = Image/back_arrow.png; sourceTree = "<group>"; };
		046C6C05190FECA700E3AC56 /* IncomingFriendCell.h */ = {isa = PBXFileReference; fileEncoding = 4; lastKnownFileType = sourcecode.c.h; name = IncomingFriendCell.h; path = ViewControllers/BodyListViewController/CustomCell/IncomingFriendCell.h; sourceTree = "<group>"; };
		046C6C06190FECA700E3AC56 /* IncomingFriendCell.m */ = {isa = PBXFileReference; fileEncoding = 4; lastKnownFileType = sourcecode.c.objc; name = IncomingFriendCell.m; path = ViewControllers/BodyListViewController/CustomCell/IncomingFriendCell.m; sourceTree = "<group>"; };
		046C6C07190FECA700E3AC56 /* IncomingFriendCell.xib */ = {isa = PBXFileReference; fileEncoding = 4; lastKnownFileType = file.xib; name = IncomingFriendCell.xib; path = ViewControllers/BodyListViewController/CustomCell/IncomingFriendCell.xib; sourceTree = "<group>"; };
		046C6C0A190FECC400E3AC56 /* InviteFriendCell.h */ = {isa = PBXFileReference; fileEncoding = 4; lastKnownFileType = sourcecode.c.h; name = InviteFriendCell.h; path = ViewControllers/BodyListViewController/CustomCell/InviteFriendCell.h; sourceTree = "<group>"; };
		046C6C0B190FECC400E3AC56 /* InviteFriendCell.m */ = {isa = PBXFileReference; fileEncoding = 4; lastKnownFileType = sourcecode.c.objc; name = InviteFriendCell.m; path = ViewControllers/BodyListViewController/CustomCell/InviteFriendCell.m; sourceTree = "<group>"; };
		046C6C0C190FECC400E3AC56 /* InviteFriendCell.xib */ = {isa = PBXFileReference; fileEncoding = 4; lastKnownFileType = file.xib; name = InviteFriendCell.xib; path = ViewControllers/BodyListViewController/CustomCell/InviteFriendCell.xib; sourceTree = "<group>"; };
		046C6C0F190FECEE00E3AC56 /* Cell.h */ = {isa = PBXFileReference; fileEncoding = 4; lastKnownFileType = sourcecode.c.h; name = Cell.h; path = ViewControllers/BodyListViewController/CustomCell/Cell.h; sourceTree = "<group>"; };
		046C6C10190FECEE00E3AC56 /* Cell.m */ = {isa = PBXFileReference; fileEncoding = 4; lastKnownFileType = sourcecode.c.objc; name = Cell.m; path = ViewControllers/BodyListViewController/CustomCell/Cell.m; sourceTree = "<group>"; };
		046C6C11190FECEE00E3AC56 /* Cell.xib */ = {isa = PBXFileReference; fileEncoding = 4; lastKnownFileType = file.xib; name = Cell.xib; path = ViewControllers/BodyListViewController/CustomCell/Cell.xib; sourceTree = "<group>"; };
/* End PBXFileReference section */

/* Begin PBXFrameworksBuildPhase section */
		0408068A190EA37D00E063C3 /* Frameworks */ = {
			isa = PBXFrameworksBuildPhase;
			buildActionMask = 2147483647;
			files = (
				04409401190F7CD100C4A558 /* FacebookSDK.framework in Frameworks */,
				04080693190EA37D00E063C3 /* CoreGraphics.framework in Frameworks */,
				04080695190EA37D00E063C3 /* UIKit.framework in Frameworks */,
				04080691190EA37D00E063C3 /* Foundation.framework in Frameworks */,
			);
			runOnlyForDeploymentPostprocessing = 0;
		};
		040806A5190EA37D00E063C3 /* Frameworks */ = {
			isa = PBXFrameworksBuildPhase;
			buildActionMask = 2147483647;
			files = (
				040806AA190EA37D00E063C3 /* XCTest.framework in Frameworks */,
				040806AC190EA37D00E063C3 /* UIKit.framework in Frameworks */,
				040806AB190EA37D00E063C3 /* Foundation.framework in Frameworks */,
			);
			runOnlyForDeploymentPostprocessing = 0;
		};
/* End PBXFrameworksBuildPhase section */

/* Begin PBXGroup section */
		040706B0190FC190000D6660 /* BuddyListViewController */ = {
			isa = PBXGroup;
			children = (
				046C6C04190FEC6400E3AC56 /* CustomCell */,
				040706B1190FC1CE000D6660 /* BuddyListViewController.h */,
				040706B2190FC1CE000D6660 /* BuddyListViewController.m */,
				040706B3190FC1CE000D6660 /* BuddyListViewController.xib */,
			);
			name = BuddyListViewController;
			sourceTree = "<group>";
		};
		04080684190EA37D00E063C3 = {
			isa = PBXGroup;
			children = (
				04080696190EA37D00E063C3 /* SMT */,
				040806AF190EA37D00E063C3 /* SMTTests */,
				0408068F190EA37D00E063C3 /* Frameworks */,
				0408068E190EA37D00E063C3 /* Products */,
			);
			sourceTree = "<group>";
		};
		0408068E190EA37D00E063C3 /* Products */ = {
			isa = PBXGroup;
			children = (
				0408068D190EA37D00E063C3 /* SMT.app */,
				040806A8190EA37D00E063C3 /* SMTTests.xctest */,
			);
			name = Products;
			sourceTree = "<group>";
		};
		0408068F190EA37D00E063C3 /* Frameworks */ = {
			isa = PBXGroup;
			children = (
				04409400190F7CD100C4A558 /* FacebookSDK.framework */,
				04080690190EA37D00E063C3 /* Foundation.framework */,
				04080692190EA37D00E063C3 /* CoreGraphics.framework */,
				04080694190EA37D00E063C3 /* UIKit.framework */,
				040806A9190EA37D00E063C3 /* XCTest.framework */,
			);
			name = Frameworks;
			sourceTree = "<group>";
		};
		04080696190EA37D00E063C3 /* SMT */ = {
			isa = PBXGroup;
			children = (
				0408069F190EA37D00E063C3 /* AppDelegate.h */,
				040806A0190EA37D00E063C3 /* AppDelegate.m */,
				044093F9190F7ABC00C4A558 /* ViewControllers */,
				040806A2190EA37D00E063C3 /* Images.xcassets */,
				04080697190EA37D00E063C3 /* Supporting Files */,
			);
			path = SMT;
			sourceTree = "<group>";
		};
		04080697190EA37D00E063C3 /* Supporting Files */ = {
			isa = PBXGroup;
			children = (
				046C6BEA190FDF0E00E3AC56 /* image */,
				04080698190EA37D00E063C3 /* SMT-Info.plist */,
				04080699190EA37D00E063C3 /* InfoPlist.strings */,
				0408069C190EA37D00E063C3 /* main.m */,
				0408069E190EA37D00E063C3 /* SMT-Prefix.pch */,
			);
			name = "Supporting Files";
			sourceTree = "<group>";
		};
		040806AF190EA37D00E063C3 /* SMTTests */ = {
			isa = PBXGroup;
			children = (
				040806B5190EA37D00E063C3 /* SMTTests.m */,
				040806B0190EA37D00E063C3 /* Supporting Files */,
			);
			path = SMTTests;
			sourceTree = "<group>";
		};
		040806B0190EA37D00E063C3 /* Supporting Files */ = {
			isa = PBXGroup;
			children = (
				040806B1190EA37D00E063C3 /* SMTTests-Info.plist */,
				040806B2190EA37D00E063C3 /* InfoPlist.strings */,
			);
			name = "Supporting Files";
			sourceTree = "<group>";
		};
		044093F9190F7ABC00C4A558 /* ViewControllers */ = {
			isa = PBXGroup;
			children = (
				044093FA190F7AD000C4A558 /* LoginViewController */,
				0440942A190FA66600C4A558 /* RegisterViewController */,
				04409402190F820100C4A558 /* FlyoutMenuViewController */,
				040706B0190FC190000D6660 /* BuddyListViewController */,
			);
			name = ViewControllers;
			sourceTree = "<group>";
		};
		044093FA190F7AD000C4A558 /* LoginViewController */ = {
			isa = PBXGroup;
			children = (
				04409408190F951800C4A558 /* ForgorYourPaswordWebView */,
				0440941C190F975E00C4A558 /* LoginViewController_iPhone4.xib */,
				0440941D190F975E00C4A558 /* LoginViewController_iPhone5.xib */,
				0440941E190F975E00C4A558 /* LoginViewController.h */,
				0440941F190F975E00C4A558 /* LoginViewController.m */,
				04409420190F975E00C4A558 /* LoginViewController~ipad.xib */,
			);
			name = LoginViewController;
			sourceTree = "<group>";
		};
		04409402190F820100C4A558 /* FlyoutMenuViewController */ = {
			isa = PBXGroup;
			children = (
				04409403190F825F00C4A558 /* FlyoutMenuViewController.h */,
				04409404190F825F00C4A558 /* FlyoutMenuViewController.m */,
				04409405190F825F00C4A558 /* FlyoutMenuViewController.xib */,
			);
			name = FlyoutMenuViewController;
			sourceTree = "<group>";
		};
		04409408190F951800C4A558 /* ForgorYourPaswordWebView */ = {
			isa = PBXGroup;
			children = (
				04409425190FA53900C4A558 /* ForgotPasswordViewController.h */,
				04409426190FA53900C4A558 /* ForgotPasswordViewController.m */,
				04409427190FA53900C4A558 /* ForgotPasswordViewController.xib */,
			);
			path = ForgorYourPaswordWebView;
			sourceTree = "<group>";
		};
		0440942A190FA66600C4A558 /* RegisterViewController */ = {
			isa = PBXGroup;
			children = (
				04409439190FA98B00C4A558 /* RegisterViewController_iPhone4.xib */,
				0440943A190FA98B00C4A558 /* RegisterViewController_iPhone5.xib */,
				0440943B190FA98B00C4A558 /* RegisterViewController.h */,
				0440943C190FA98B00C4A558 /* RegisterViewController.m */,
				0440943D190FA98B00C4A558 /* RegisterViewController~ipad.xib */,
			);
			name = RegisterViewController;
			sourceTree = "<group>";
		};
		046C6BEA190FDF0E00E3AC56 /* image */ = {
			isa = PBXGroup;
			children = (
				046C6BEB190FDF1D00E3AC56 /* back_arrow.png */,
			);
			name = image;
			sourceTree = "<group>";
		};
		046C6C04190FEC6400E3AC56 /* CustomCell */ = {
			isa = PBXGroup;
			children = (
				046C6C05190FECA700E3AC56 /* IncomingFriendCell.h */,
				046C6C06190FECA700E3AC56 /* IncomingFriendCell.m */,
				046C6C07190FECA700E3AC56 /* IncomingFriendCell.xib */,
				046C6C0A190FECC400E3AC56 /* InviteFriendCell.h */,
				046C6C0B190FECC400E3AC56 /* InviteFriendCell.m */,
				046C6C0C190FECC400E3AC56 /* InviteFriendCell.xib */,
				046C6C0F190FECEE00E3AC56 /* Cell.h */,
				046C6C10190FECEE00E3AC56 /* Cell.m */,
				046C6C11190FECEE00E3AC56 /* Cell.xib */,
			);
			name = CustomCell;
			sourceTree = "<group>";
		};
/* End PBXGroup section */

/* Begin PBXNativeTarget section */
		0408068C190EA37D00E063C3 /* SMT */ = {
			isa = PBXNativeTarget;
			buildConfigurationList = 040806B9190EA37D00E063C3 /* Build configuration list for PBXNativeTarget "SMT" */;
			buildPhases = (
				04080689190EA37D00E063C3 /* Sources */,
				0408068A190EA37D00E063C3 /* Frameworks */,
				0408068B190EA37D00E063C3 /* Resources */,
			);
			buildRules = (
			);
			dependencies = (
			);
			name = SMT;
			productName = SMT;
			productReference = 0408068D190EA37D00E063C3 /* SMT.app */;
			productType = "com.apple.product-type.application";
		};
		040806A7190EA37D00E063C3 /* SMTTests */ = {
			isa = PBXNativeTarget;
			buildConfigurationList = 040806BC190EA37D00E063C3 /* Build configuration list for PBXNativeTarget "SMTTests" */;
			buildPhases = (
				040806A4190EA37D00E063C3 /* Sources */,
				040806A5190EA37D00E063C3 /* Frameworks */,
				040806A6190EA37D00E063C3 /* Resources */,
			);
			buildRules = (
			);
			dependencies = (
				040806AE190EA37D00E063C3 /* PBXTargetDependency */,
			);
			name = SMTTests;
			productName = SMTTests;
			productReference = 040806A8190EA37D00E063C3 /* SMTTests.xctest */;
			productType = "com.apple.product-type.bundle.unit-test";
		};
/* End PBXNativeTarget section */

/* Begin PBXProject section */
		04080685190EA37D00E063C3 /* Project object */ = {
			isa = PBXProject;
			attributes = {
				LastUpgradeCheck = 0510;
				ORGANIZATIONNAME = Mac;
				TargetAttributes = {
					040806A7190EA37D00E063C3 = {
						TestTargetID = 0408068C190EA37D00E063C3;
					};
				};
			};
			buildConfigurationList = 04080688190EA37D00E063C3 /* Build configuration list for PBXProject "SMT" */;
			compatibilityVersion = "Xcode 3.2";
			developmentRegion = English;
			hasScannedForEncodings = 0;
			knownRegions = (
				en,
			);
			mainGroup = 04080684190EA37D00E063C3;
			productRefGroup = 0408068E190EA37D00E063C3 /* Products */;
			projectDirPath = "";
			projectRoot = "";
			targets = (
				0408068C190EA37D00E063C3 /* SMT */,
				040806A7190EA37D00E063C3 /* SMTTests */,
			);
		};
/* End PBXProject section */

/* Begin PBXResourcesBuildPhase section */
		0408068B190EA37D00E063C3 /* Resources */ = {
			isa = PBXResourcesBuildPhase;
			buildActionMask = 2147483647;
			files = (
				04409407190F825F00C4A558 /* FlyoutMenuViewController.xib in Resources */,
				046C6C13190FECEE00E3AC56 /* Cell.xib in Resources */,
				0408069B190EA37D00E063C3 /* InfoPlist.strings in Resources */,
				04409429190FA53900C4A558 /* ForgotPasswordViewController.xib in Resources */,
				04409421190F975E00C4A558 /* LoginViewController_iPhone4.xib in Resources */,
				046C6C0E190FECC400E3AC56 /* InviteFriendCell.xib in Resources */,
				046C6BEC190FDF1D00E3AC56 /* back_arrow.png in Resources */,
				04409422190F975E00C4A558 /* LoginViewController_iPhone5.xib in Resources */,
				0440943F190FA98B00C4A558 /* RegisterViewController_iPhone5.xib in Resources */,
				046C6C09190FECA700E3AC56 /* IncomingFriendCell.xib in Resources */,
				04409424190F975E00C4A558 /* LoginViewController~ipad.xib in Resources */,
				0440943E190FA98B00C4A558 /* RegisterViewController_iPhone4.xib in Resources */,
				040806A3190EA37D00E063C3 /* Images.xcassets in Resources */,
				040706B5190FC1CE000D6660 /* BuddyListViewController.xib in Resources */,
				04409441190FA98B00C4A558 /* RegisterViewController~ipad.xib in Resources */,
			);
			runOnlyForDeploymentPostprocessing = 0;
		};
		040806A6190EA37D00E063C3 /* Resources */ = {
			isa = PBXResourcesBuildPhase;
			buildActionMask = 2147483647;
			files = (
				040806B4190EA37D00E063C3 /* InfoPlist.strings in Resources */,
			);
			runOnlyForDeploymentPostprocessing = 0;
		};
/* End PBXResourcesBuildPhase section */

/* Begin PBXSourcesBuildPhase section */
		04080689190EA37D00E063C3 /* Sources */ = {
			isa = PBXSourcesBuildPhase;
			buildActionMask = 2147483647;
			files = (
				04409406190F825F00C4A558 /* FlyoutMenuViewController.m in Sources */,
				040806A1190EA37D00E063C3 /* AppDelegate.m in Sources */,
				046C6C0D190FECC400E3AC56 /* InviteFriendCell.m in Sources */,
				04409440190FA98B00C4A558 /* RegisterViewController.m in Sources */,
				046C6C08190FECA700E3AC56 /* IncomingFriendCell.m in Sources */,
				046C6C12190FECEE00E3AC56 /* Cell.m in Sources */,
				0408069D190EA37D00E063C3 /* main.m in Sources */,
				04409428190FA53900C4A558 /* ForgotPasswordViewController.m in Sources */,
				04409423190F975E00C4A558 /* LoginViewController.m in Sources */,
				040706B4190FC1CE000D6660 /* BuddyListViewController.m in Sources */,
			);
			runOnlyForDeploymentPostprocessing = 0;
		};
		040806A4190EA37D00E063C3 /* Sources */ = {
			isa = PBXSourcesBuildPhase;
			buildActionMask = 2147483647;
			files = (
				040806B6190EA37D00E063C3 /* SMTTests.m in Sources */,
			);
			runOnlyForDeploymentPostprocessing = 0;
		};
/* End PBXSourcesBuildPhase section */

/* Begin PBXTargetDependency section */
		040806AE190EA37D00E063C3 /* PBXTargetDependency */ = {
			isa = PBXTargetDependency;
			target = 0408068C190EA37D00E063C3 /* SMT */;
			targetProxy = 040806AD190EA37D00E063C3 /* PBXContainerItemProxy */;
		};
/* End PBXTargetDependency section */

/* Begin PBXVariantGroup section */
		04080699190EA37D00E063C3 /* InfoPlist.strings */ = {
			isa = PBXVariantGroup;
			children = (
				0408069A190EA37D00E063C3 /* en */,
			);
			name = InfoPlist.strings;
			sourceTree = "<group>";
		};
		040806B2190EA37D00E063C3 /* InfoPlist.strings */ = {
			isa = PBXVariantGroup;
			children = (
				040806B3190EA37D00E063C3 /* en */,
			);
			name = InfoPlist.strings;
			sourceTree = "<group>";
		};
/* End PBXVariantGroup section */

/* Begin XCBuildConfiguration section */
		040806B7190EA37D00E063C3 /* Debug */ = {
			isa = XCBuildConfiguration;
			buildSettings = {
				ALWAYS_SEARCH_USER_PATHS = NO;
				CLANG_CXX_LANGUAGE_STANDARD = "gnu++0x";
				CLANG_CXX_LIBRARY = "libc++";
				CLANG_ENABLE_MODULES = YES;
				CLANG_ENABLE_OBJC_ARC = YES;
				CLANG_WARN_BOOL_CONVERSION = YES;
				CLANG_WARN_CONSTANT_CONVERSION = YES;
				CLANG_WARN_DIRECT_OBJC_ISA_USAGE = YES_ERROR;
				CLANG_WARN_EMPTY_BODY = YES;
				CLANG_WARN_ENUM_CONVERSION = YES;
				CLANG_WARN_INT_CONVERSION = YES;
				CLANG_WARN_OBJC_ROOT_CLASS = YES_ERROR;
				CLANG_WARN__DUPLICATE_METHOD_MATCH = YES;
				"CODE_SIGN_IDENTITY[sdk=iphoneos*]" = "iPhone Developer";
				COPY_PHASE_STRIP = NO;
				GCC_C_LANGUAGE_STANDARD = gnu99;
				GCC_DYNAMIC_NO_PIC = NO;
				GCC_OPTIMIZATION_LEVEL = 0;
				GCC_PREPROCESSOR_DEFINITIONS = (
					"DEBUG=1",
					"$(inherited)",
				);
				GCC_SYMBOLS_PRIVATE_EXTERN = NO;
				GCC_WARN_64_TO_32_BIT_CONVERSION = YES;
				GCC_WARN_ABOUT_RETURN_TYPE = YES_ERROR;
				GCC_WARN_UNDECLARED_SELECTOR = YES;
				GCC_WARN_UNINITIALIZED_AUTOS = YES_AGGRESSIVE;
				GCC_WARN_UNUSED_FUNCTION = YES;
				GCC_WARN_UNUSED_VARIABLE = YES;
				IPHONEOS_DEPLOYMENT_TARGET = 7.1;
				ONLY_ACTIVE_ARCH = YES;
				SDKROOT = iphoneos;
			};
			name = Debug;
		};
		040806B8190EA37D00E063C3 /* Release */ = {
			isa = XCBuildConfiguration;
			buildSettings = {
				ALWAYS_SEARCH_USER_PATHS = NO;
				CLANG_CXX_LANGUAGE_STANDARD = "gnu++0x";
				CLANG_CXX_LIBRARY = "libc++";
				CLANG_ENABLE_MODULES = YES;
				CLANG_ENABLE_OBJC_ARC = YES;
				CLANG_WARN_BOOL_CONVERSION = YES;
				CLANG_WARN_CONSTANT_CONVERSION = YES;
				CLANG_WARN_DIRECT_OBJC_ISA_USAGE = YES_ERROR;
				CLANG_WARN_EMPTY_BODY = YES;
				CLANG_WARN_ENUM_CONVERSION = YES;
				CLANG_WARN_INT_CONVERSION = YES;
				CLANG_WARN_OBJC_ROOT_CLASS = YES_ERROR;
				CLANG_WARN__DUPLICATE_METHOD_MATCH = YES;
				"CODE_SIGN_IDENTITY[sdk=iphoneos*]" = "iPhone Developer";
				COPY_PHASE_STRIP = YES;
				ENABLE_NS_ASSERTIONS = NO;
				GCC_C_LANGUAGE_STANDARD = gnu99;
				GCC_WARN_64_TO_32_BIT_CONVERSION = YES;
				GCC_WARN_ABOUT_RETURN_TYPE = YES_ERROR;
				GCC_WARN_UNDECLARED_SELECTOR = YES;
				GCC_WARN_UNINITIALIZED_AUTOS = YES_AGGRESSIVE;
				GCC_WARN_UNUSED_FUNCTION = YES;
				GCC_WARN_UNUSED_VARIABLE = YES;
				IPHONEOS_DEPLOYMENT_TARGET = 7.1;
				SDKROOT = iphoneos;
				VALIDATE_PRODUCT = YES;
			};
			name = Release;
		};
		040806BA190EA37D00E063C3 /* Debug */ = {
			isa = XCBuildConfiguration;
			buildSettings = {
				ASSETCATALOG_COMPILER_APPICON_NAME = AppIcon;
				ASSETCATALOG_COMPILER_LAUNCHIMAGE_NAME = LaunchImage;
				FRAMEWORK_SEARCH_PATHS = (
					"$(inherited)",
					"$(PROJECT_DIR)/library/FacebookSDK",
				);
				GCC_PRECOMPILE_PREFIX_HEADER = YES;
				GCC_PREFIX_HEADER = "SMT/SMT-Prefix.pch";
				INFOPLIST_FILE = "SMT/SMT-Info.plist";
				PRODUCT_NAME = "$(TARGET_NAME)";
				WRAPPER_EXTENSION = app;
			};
			name = Debug;
		};
		040806BB190EA37D00E063C3 /* Release */ = {
			isa = XCBuildConfiguration;
			buildSettings = {
				ASSETCATALOG_COMPILER_APPICON_NAME = AppIcon;
				ASSETCATALOG_COMPILER_LAUNCHIMAGE_NAME = LaunchImage;
				FRAMEWORK_SEARCH_PATHS = (
					"$(inherited)",
					"$(PROJECT_DIR)/library/FacebookSDK",
				);
				GCC_PRECOMPILE_PREFIX_HEADER = YES;
				GCC_PREFIX_HEADER = "SMT/SMT-Prefix.pch";
				INFOPLIST_FILE = "SMT/SMT-Info.plist";
				PRODUCT_NAME = "$(TARGET_NAME)";
				WRAPPER_EXTENSION = app;
			};
			name = Release;
		};
		040806BD190EA37D00E063C3 /* Debug */ = {
			isa = XCBuildConfiguration;
			buildSettings = {
				BUNDLE_LOADER = "$(BUILT_PRODUCTS_DIR)/SMT.app/SMT";
				FRAMEWORK_SEARCH_PATHS = (
					"$(SDKROOT)/Developer/Library/Frameworks",
					"$(inherited)",
					"$(DEVELOPER_FRAMEWORKS_DIR)",
				);
				GCC_PRECOMPILE_PREFIX_HEADER = YES;
				GCC_PREFIX_HEADER = "SMT/SMT-Prefix.pch";
				GCC_PREPROCESSOR_DEFINITIONS = (
					"DEBUG=1",
					"$(inherited)",
				);
				INFOPLIST_FILE = "SMTTests/SMTTests-Info.plist";
				PRODUCT_NAME = "$(TARGET_NAME)";
				TEST_HOST = "$(BUNDLE_LOADER)";
				WRAPPER_EXTENSION = xctest;
			};
			name = Debug;
		};
		040806BE190EA37D00E063C3 /* Release */ = {
			isa = XCBuildConfiguration;
			buildSettings = {
				BUNDLE_LOADER = "$(BUILT_PRODUCTS_DIR)/SMT.app/SMT";
				FRAMEWORK_SEARCH_PATHS = (
					"$(SDKROOT)/Developer/Library/Frameworks",
					"$(inherited)",
					"$(DEVELOPER_FRAMEWORKS_DIR)",
				);
				GCC_PRECOMPILE_PREFIX_HEADER = YES;
				GCC_PREFIX_HEADER = "SMT/SMT-Prefix.pch";
				INFOPLIST_FILE = "SMTTests/SMTTests-Info.plist";
				PRODUCT_NAME = "$(TARGET_NAME)";
				TEST_HOST = "$(BUNDLE_LOADER)";
				WRAPPER_EXTENSION = xctest;
			};
			name = Release;
		};
/* End XCBuildConfiguration section */

/* Begin XCConfigurationList section */
		04080688190EA37D00E063C3 /* Build configuration list for PBXProject "SMT" */ = {
			isa = XCConfigurationList;
			buildConfigurations = (
				040806B7190EA37D00E063C3 /* Debug */,
				040806B8190EA37D00E063C3 /* Release */,
			);
			defaultConfigurationIsVisible = 0;
			defaultConfigurationName = Release;
		};
		040806B9190EA37D00E063C3 /* Build configuration list for PBXNativeTarget "SMT" */ = {
			isa = XCConfigurationList;
			buildConfigurations = (
				040806BA190EA37D00E063C3 /* Debug */,
				040806BB190EA37D00E063C3 /* Release */,
			);
			defaultConfigurationIsVisible = 0;
			defaultConfigurationName = Release;
		};
		040806BC190EA37D00E063C3 /* Build configuration list for PBXNativeTarget "SMTTests" */ = {
			isa = XCConfigurationList;
			buildConfigurations = (
				040806BD190EA37D00E063C3 /* Debug */,
				040806BE190EA37D00E063C3 /* Release */,
			);
			defaultConfigurationIsVisible = 0;
			defaultConfigurationName = Release;
		};
/* End XCConfigurationList section */
	};
	rootObject = 04080685190EA37D00E063C3 /* Project object */;
}
